
Microsoft Visual Studio Solution File, Format Version 12.00
# Visual Studio Version 17
VisualStudioVersion = 17.14.36301.6 d17.14
MinimumVisualStudioVersion = 10.0.40219.1
Project("{FAE04EC0-301F-11D3-BF4B-00C04F79EFBC}") = "SistemaAlunos", "SistemaAlunos.csproj", "{6B31D969-1EC4-4CD9-BE0F-8475CA525C5B}"
EndProject
Global
	GlobalSection(SolutionConfigurationPlatforms) = preSolution
		Debug|Any CPU = Debug|Any CPU
		Release|Any CPU = Release|Any CPU
	EndGlobalSection
	GlobalSection(ProjectConfigurationPlatforms) = postSolution
		{6B31D969-1EC4-4CD9-BE0F-8475CA525C5B}.Debug|Any CPU.ActiveCfg = Debug|Any CPU
		{6B31D969-1EC4-4CD9-BE0F-8475CA525C5B}.Debug|Any CPU.Build.0 = Debug|Any CPU
		{6B31D969-1EC4-4CD9-BE0F-8475CA525C5B}.Release|Any CPU.ActiveCfg = Release|Any CPU
		{6B31D969-1EC4-4CD9-BE0F-8475CA525C5B}.Release|Any CPU.Build.0 = Release|Any CPU
	EndGlobalSection
	GlobalSection(SolutionProperties) = preSolution
		HideSolutionNode = FALSE
	EndGlobalSection
	GlobalSection(ExtensibilityGlobals) = postSolution
		SolutionGuid = {2EBE0DE5-CE72-402E-96E4-187FB14DB1D9}
	EndGlobalSection
EndGlobal
